
Microsoft Visual Studio Solution File, Format Version 12.00
# Visual Studio Version 16
VisualStudioVersion = 16.0.29509.3
MinimumVisualStudioVersion = 10.0.40219.1
Project("{FAE04EC0-301F-11D3-BF4B-00C04F79EFBC}") = "LayotsMvvm", "LayotsMvvm.csproj", "{E65A94CF-5E93-4B29-AD1D-C185FFCB6956}"
EndProject
Global
	GlobalSection(SolutionConfigurationPlatforms) = preSolution
		Debug|Any CPU = Debug|Any CPU
		Release|Any CPU = Release|Any CPU
	EndGlobalSection
	GlobalSection(ProjectConfigurationPlatforms) = postSolution
		{E65A94CF-5E93-4B29-AD1D-C185FFCB6956}.Debug|Any CPU.ActiveCfg = Debug|Any CPU
		{E65A94CF-5E93-4B29-AD1D-C185FFCB6956}.Debug|Any CPU.Build.0 = Debug|Any CPU
		{E65A94CF-5E93-4B29-AD1D-C185FFCB6956}.Release|Any CPU.ActiveCfg = Release|Any CPU
		{E65A94CF-5E93-4B29-AD1D-C185FFCB6956}.Release|Any CPU.Build.0 = Release|Any CPU
	EndGlobalSection
	GlobalSection(SolutionProperties) = preSolution
		HideSolutionNode = FALSE
	EndGlobalSection
	GlobalSection(ExtensibilityGlobals) = postSolution
		SolutionGuid = {801B8A62-E2BF-40E9-99DE-3A0134577312}
	EndGlobalSection
EndGlobal
